// !$*UTF8*$!
{
	archiveVersion = 1;
	classes = {
	};
	objectVersion = 48;
	objects = {

/* Begin PBXBuildFile section */
		E94F9E692125DC20005191EB /* main.swift in Sources */ = {isa = PBXBuildFile; fileRef = E94F9E682125DC20005191EB /* main.swift */; };
		E94F9E732129BDD3005191EB /* 12091.swift in Sources */ = {isa = PBXBuildFile; fileRef = E94F9E722129BDD3005191EB /* 12091.swift */; };
		E94F9E752129BDE7005191EB /* 12903.swift in Sources */ = {isa = PBXBuildFile; fileRef = E94F9E742129BDE7005191EB /* 12903.swift */; };
		E94F9E772129C7FB005191EB /* 12906.swift in Sources */ = {isa = PBXBuildFile; fileRef = E94F9E762129C7FB005191EB /* 12906.swift */; };
		E94F9E79212AFAB0005191EB /* 12912.swift in Sources */ = {isa = PBXBuildFile; fileRef = E94F9E78212AFAB0005191EB /* 12912.swift */; };
		E94F9E7B212AFE22005191EB /* 12915.swift in Sources */ = {isa = PBXBuildFile; fileRef = E94F9E7A212AFE22005191EB /* 12915.swift */; };
		E94F9E7D212B04F3005191EB /* 12910.swift in Sources */ = {isa = PBXBuildFile; fileRef = E94F9E7C212B04F3005191EB /* 12910.swift */; };
		E94F9E7F212DA375005191EB /* 12916.swift in Sources */ = {isa = PBXBuildFile; fileRef = E94F9E7E212DA375005191EB /* 12916.swift */; };
		E94F9E81212EE0D5005191EB /* 12917.swift in Sources */ = {isa = PBXBuildFile; fileRef = E94F9E80212EE0D5005191EB /* 12917.swift */; };
		E94F9E83212EEE74005191EB /* 12918.swift in Sources */ = {isa = PBXBuildFile; fileRef = E94F9E82212EEE74005191EB /* 12918.swift */; };
		E94F9E85212EF5C5005191EB /* 12919.swift in Sources */ = {isa = PBXBuildFile; fileRef = E94F9E84212EF5C5005191EB /* 12919.swift */; };
		E94F9E88212F1558005191EB /* 12921.swift in Sources */ = {isa = PBXBuildFile; fileRef = E94F9E87212F1558005191EB /* 12921.swift */; };
/* End PBXBuildFile section */

/* Begin PBXCopyFilesBuildPhase section */
		E94F9E632125DC20005191EB /* CopyFiles */ = {
			isa = PBXCopyFilesBuildPhase;
			buildActionMask = 2147483647;
			dstPath = /usr/share/man/man1/;
			dstSubfolderSpec = 0;
			files = (
			);
			runOnlyForDeploymentPostprocessing = 1;
		};
/* End PBXCopyFilesBuildPhase section */

/* Begin PBXFileReference section */
		E94F9E652125DC20005191EB /* Algorithms */ = {isa = PBXFileReference; explicitFileType = "compiled.mach-o.executable"; includeInIndex = 0; path = Algorithms; sourceTree = BUILT_PRODUCTS_DIR; };
		E94F9E682125DC20005191EB /* main.swift */ = {isa = PBXFileReference; lastKnownFileType = sourcecode.swift; path = main.swift; sourceTree = "<group>"; };
		E94F9E722129BDD3005191EB /* 12091.swift */ = {isa = PBXFileReference; lastKnownFileType = sourcecode.swift; path = 12091.swift; sourceTree = "<group>"; };
		E94F9E742129BDE7005191EB /* 12903.swift */ = {isa = PBXFileReference; lastKnownFileType = sourcecode.swift; path = 12903.swift; sourceTree = "<group>"; };
		E94F9E762129C7FB005191EB /* 12906.swift */ = {isa = PBXFileReference; lastKnownFileType = sourcecode.swift; path = 12906.swift; sourceTree = "<group>"; };
		E94F9E78212AFAB0005191EB /* 12912.swift */ = {isa = PBXFileReference; lastKnownFileType = sourcecode.swift; path = 12912.swift; sourceTree = "<group>"; };
		E94F9E7A212AFE22005191EB /* 12915.swift */ = {isa = PBXFileReference; lastKnownFileType = sourcecode.swift; path = 12915.swift; sourceTree = "<group>"; };
		E94F9E7C212B04F3005191EB /* 12910.swift */ = {isa = PBXFileReference; lastKnownFileType = sourcecode.swift; path = 12910.swift; sourceTree = "<group>"; };
		E94F9E7E212DA375005191EB /* 12916.swift */ = {isa = PBXFileReference; lastKnownFileType = sourcecode.swift; path = 12916.swift; sourceTree = "<group>"; };
		E94F9E80212EE0D5005191EB /* 12917.swift */ = {isa = PBXFileReference; lastKnownFileType = sourcecode.swift; path = 12917.swift; sourceTree = "<group>"; };
		E94F9E82212EEE74005191EB /* 12918.swift */ = {isa = PBXFileReference; lastKnownFileType = sourcecode.swift; path = 12918.swift; sourceTree = "<group>"; };
		E94F9E84212EF5C5005191EB /* 12919.swift */ = {isa = PBXFileReference; lastKnownFileType = sourcecode.swift; path = 12919.swift; sourceTree = "<group>"; };
		E94F9E87212F1558005191EB /* 12921.swift */ = {isa = PBXFileReference; lastKnownFileType = sourcecode.swift; path = 12921.swift; sourceTree = "<group>"; };
/* End PBXFileReference section */

/* Begin PBXFrameworksBuildPhase section */
		E94F9E622125DC20005191EB /* Frameworks */ = {
			isa = PBXFrameworksBuildPhase;
			buildActionMask = 2147483647;
			files = (
			);
			runOnlyForDeploymentPostprocessing = 0;
		};
/* End PBXFrameworksBuildPhase section */

/* Begin PBXGroup section */
		E94F9E5C2125DC20005191EB = {
			isa = PBXGroup;
			children = (
				E94F9E672125DC20005191EB /* Algorithms */,
				E94F9E662125DC20005191EB /* Products */,
			);
			sourceTree = "<group>";
		};
		E94F9E662125DC20005191EB /* Products */ = {
			isa = PBXGroup;
			children = (
				E94F9E652125DC20005191EB /* Algorithms */,
			);
			name = Products;
			sourceTree = "<group>";
		};
		E94F9E672125DC20005191EB /* Algorithms */ = {
			isa = PBXGroup;
			children = (
				E94F9E712129BDC0005191EB /* Programmers */,
				E94F9E682125DC20005191EB /* main.swift */,
			);
			path = Algorithms;
			sourceTree = "<group>";
		};
		E94F9E712129BDC0005191EB /* Programmers */ = {
			isa = PBXGroup;
			children = (
				E94F9E86212F1484005191EB /* Level1 */,
			);
			path = Programmers;
			sourceTree = "<group>";
		};
		E94F9E86212F1484005191EB /* Level1 */ = {
			isa = PBXGroup;
			children = (
				E94F9E722129BDD3005191EB /* 12091.swift */,
				E94F9E742129BDE7005191EB /* 12903.swift */,
				E94F9E762129C7FB005191EB /* 12906.swift */,
				E94F9E78212AFAB0005191EB /* 12912.swift */,
				E94F9E7A212AFE22005191EB /* 12915.swift */,
				E94F9E7C212B04F3005191EB /* 12910.swift */,
				E94F9E7E212DA375005191EB /* 12916.swift */,
				E94F9E80212EE0D5005191EB /* 12917.swift */,
				E94F9E82212EEE74005191EB /* 12918.swift */,
				E94F9E84212EF5C5005191EB /* 12919.swift */,
				E94F9E87212F1558005191EB /* 12921.swift */,
			);
			path = Level1;
			sourceTree = "<group>";
		};
/* End PBXGroup section */

/* Begin PBXNativeTarget section */
		E94F9E642125DC20005191EB /* Algorithms */ = {
			isa = PBXNativeTarget;
			buildConfigurationList = E94F9E6C2125DC20005191EB /* Build configuration list for PBXNativeTarget "Algorithms" */;
			buildPhases = (
				E94F9E612125DC20005191EB /* Sources */,
				E94F9E622125DC20005191EB /* Frameworks */,
				E94F9E632125DC20005191EB /* CopyFiles */,
			);
			buildRules = (
			);
			dependencies = (
			);
			name = Algorithms;
			productName = Algorithms;
			productReference = E94F9E652125DC20005191EB /* Algorithms */;
			productType = "com.apple.product-type.tool";
		};
/* End PBXNativeTarget section */

/* Begin PBXProject section */
		E94F9E5D2125DC20005191EB /* Project object */ = {
			isa = PBXProject;
			attributes = {
				LastSwiftUpdateCheck = 0920;
				LastUpgradeCheck = 0920;
				ORGANIZATIONNAME = JH;
				TargetAttributes = {
					E94F9E642125DC20005191EB = {
						CreatedOnToolsVersion = 9.2;
						ProvisioningStyle = Automatic;
					};
				};
			};
			buildConfigurationList = E94F9E602125DC20005191EB /* Build configuration list for PBXProject "Algorithms" */;
			compatibilityVersion = "Xcode 8.0";
			developmentRegion = en;
			hasScannedForEncodings = 0;
			knownRegions = (
				en,
			);
			mainGroup = E94F9E5C2125DC20005191EB;
			productRefGroup = E94F9E662125DC20005191EB /* Products */;
			projectDirPath = "";
			projectRoot = "";
			targets = (
				E94F9E642125DC20005191EB /* Algorithms */,
			);
		};
/* End PBXProject section */

/* Begin PBXSourcesBuildPhase section */
		E94F9E612125DC20005191EB /* Sources */ = {
			isa = PBXSourcesBuildPhase;
			buildActionMask = 2147483647;
			files = (
				E94F9E7B212AFE22005191EB /* 12915.swift in Sources */,
				E94F9E83212EEE74005191EB /* 12918.swift in Sources */,
				E94F9E85212EF5C5005191EB /* 12919.swift in Sources */,
				E94F9E7F212DA375005191EB /* 12916.swift in Sources */,
				E94F9E79212AFAB0005191EB /* 12912.swift in Sources */,
				E94F9E772129C7FB005191EB /* 12906.swift in Sources */,
				E94F9E732129BDD3005191EB /* 12091.swift in Sources */,
				E94F9E752129BDE7005191EB /* 12903.swift in Sources */,
				E94F9E81212EE0D5005191EB /* 12917.swift in Sources */,
				E94F9E88212F1558005191EB /* 12921.swift in Sources */,
				E94F9E7D212B04F3005191EB /* 12910.swift in Sources */,
				E94F9E692125DC20005191EB /* main.swift in Sources */,
			);
			runOnlyForDeploymentPostprocessing = 0;
		};
/* End PBXSourcesBuildPhase section */

/* Begin XCBuildConfiguration section */
		E94F9E6A2125DC20005191EB /* Debug */ = {
			isa = XCBuildConfiguration;
			buildSettings = {
				ALWAYS_SEARCH_USER_PATHS = NO;
				CLANG_ANALYZER_NONNULL = YES;
				CLANG_ANALYZER_NUMBER_OBJECT_CONVERSION = YES_AGGRESSIVE;
				CLANG_CXX_LANGUAGE_STANDARD = "gnu++14";
				CLANG_CXX_LIBRARY = "libc++";
				CLANG_ENABLE_MODULES = YES;
				CLANG_ENABLE_OBJC_ARC = YES;
				CLANG_WARN_BLOCK_CAPTURE_AUTORELEASING = YES;
				CLANG_WARN_BOOL_CONVERSION = YES;
				CLANG_WARN_COMMA = YES;
				CLANG_WARN_CONSTANT_CONVERSION = YES;
				CLANG_WARN_DIRECT_OBJC_ISA_USAGE = YES_ERROR;
				CLANG_WARN_DOCUMENTATION_COMMENTS = YES;
				CLANG_WARN_EMPTY_BODY = YES;
				CLANG_WARN_ENUM_CONVERSION = YES;
				CLANG_WARN_INFINITE_RECURSION = YES;
				CLANG_WARN_INT_CONVERSION = YES;
				CLANG_WARN_NON_LITERAL_NULL_CONVERSION = YES;
				CLANG_WARN_OBJC_LITERAL_CONVERSION = YES;
				CLANG_WARN_OBJC_ROOT_CLASS = YES_ERROR;
				CLANG_WARN_RANGE_LOOP_ANALYSIS = YES;
				CLANG_WARN_STRICT_PROTOTYPES = YES;
				CLANG_WARN_SUSPICIOUS_MOVE = YES;
				CLANG_WARN_UNGUARDED_AVAILABILITY = YES_AGGRESSIVE;
				CLANG_WARN_UNREACHABLE_CODE = YES;
				CLANG_WARN__DUPLICATE_METHOD_MATCH = YES;
				CODE_SIGN_IDENTITY = "-";
				COPY_PHASE_STRIP = NO;
				DEBUG_INFORMATION_FORMAT = dwarf;
				ENABLE_STRICT_OBJC_MSGSEND = YES;
				ENABLE_TESTABILITY = YES;
				GCC_C_LANGUAGE_STANDARD = gnu11;
				GCC_DYNAMIC_NO_PIC = NO;
				GCC_NO_COMMON_BLOCKS = YES;
				GCC_OPTIMIZATION_LEVEL = 0;
				GCC_PREPROCESSOR_DEFINITIONS = (
					"DEBUG=1",
					"$(inherited)",
				);
				GCC_WARN_64_TO_32_BIT_CONVERSION = YES;
				GCC_WARN_ABOUT_RETURN_TYPE = YES_ERROR;
				GCC_WARN_UNDECLARED_SELECTOR = YES;
				GCC_WARN_UNINITIALIZED_AUTOS = YES_AGGRESSIVE;
				GCC_WARN_UNUSED_FUNCTION = YES;
				GCC_WARN_UNUSED_VARIABLE = YES;
				MACOSX_DEPLOYMENT_TARGET = 10.13;
				MTL_ENABLE_DEBUG_INFO = YES;
				ONLY_ACTIVE_ARCH = YES;
				SDKROOT = macosx;
				SWIFT_ACTIVE_COMPILATION_CONDITIONS = DEBUG;
				SWIFT_OPTIMIZATION_LEVEL = "-Onone";
			};
			name = Debug;
		};
		E94F9E6B2125DC20005191EB /* Release */ = {
			isa = XCBuildConfiguration;
			buildSettings = {
				ALWAYS_SEARCH_USER_PATHS = NO;
				CLANG_ANALYZER_NONNULL = YES;
				CLANG_ANALYZER_NUMBER_OBJECT_CONVERSION = YES_AGGRESSIVE;
				CLANG_CXX_LANGUAGE_STANDARD = "gnu++14";
				CLANG_CXX_LIBRARY = "libc++";
				CLANG_ENABLE_MODULES = YES;
				CLANG_ENABLE_OBJC_ARC = YES;
				CLANG_WARN_BLOCK_CAPTURE_AUTORELEASING = YES;
				CLANG_WARN_BOOL_CONVERSION = YES;
				CLANG_WARN_COMMA = YES;
				CLANG_WARN_CONSTANT_CONVERSION = YES;
				CLANG_WARN_DIRECT_OBJC_ISA_USAGE = YES_ERROR;
				CLANG_WARN_DOCUMENTATION_COMMENTS = YES;
				CLANG_WARN_EMPTY_BODY = YES;
				CLANG_WARN_ENUM_CONVERSION = YES;
				CLANG_WARN_INFINITE_RECURSION = YES;
				CLANG_WARN_INT_CONVERSION = YES;
				CLANG_WARN_NON_LITERAL_NULL_CONVERSION = YES;
				CLANG_WARN_OBJC_LITERAL_CONVERSION = YES;
				CLANG_WARN_OBJC_ROOT_CLASS = YES_ERROR;
				CLANG_WARN_RANGE_LOOP_ANALYSIS = YES;
				CLANG_WARN_STRICT_PROTOTYPES = YES;
				CLANG_WARN_SUSPICIOUS_MOVE = YES;
				CLANG_WARN_UNGUARDED_AVAILABILITY = YES_AGGRESSIVE;
				CLANG_WARN_UNREACHABLE_CODE = YES;
				CLANG_WARN__DUPLICATE_METHOD_MATCH = YES;
				CODE_SIGN_IDENTITY = "-";
				COPY_PHASE_STRIP = NO;
				DEBUG_INFORMATION_FORMAT = "dwarf-with-dsym";
				ENABLE_NS_ASSERTIONS = NO;
				ENABLE_STRICT_OBJC_MSGSEND = YES;
				GCC_C_LANGUAGE_STANDARD = gnu11;
				GCC_NO_COMMON_BLOCKS = YES;
				GCC_WARN_64_TO_32_BIT_CONVERSION = YES;
				GCC_WARN_ABOUT_RETURN_TYPE = YES_ERROR;
				GCC_WARN_UNDECLARED_SELECTOR = YES;
				GCC_WARN_UNINITIALIZED_AUTOS = YES_AGGRESSIVE;
				GCC_WARN_UNUSED_FUNCTION = YES;
				GCC_WARN_UNUSED_VARIABLE = YES;
				MACOSX_DEPLOYMENT_TARGET = 10.13;
				MTL_ENABLE_DEBUG_INFO = NO;
				SDKROOT = macosx;
				SWIFT_OPTIMIZATION_LEVEL = "-Owholemodule";
			};
			name = Release;
		};
		E94F9E6D2125DC20005191EB /* Debug */ = {
			isa = XCBuildConfiguration;
			buildSettings = {
				CODE_SIGN_STYLE = Automatic;
				PRODUCT_NAME = "$(TARGET_NAME)";
				SWIFT_VERSION = 4.0;
			};
			name = Debug;
		};
		E94F9E6E2125DC20005191EB /* Release */ = {
			isa = XCBuildConfiguration;
			buildSettings = {
				CODE_SIGN_STYLE = Automatic;
				PRODUCT_NAME = "$(TARGET_NAME)";
				SWIFT_VERSION = 4.0;
			};
			name = Release;
		};
/* End XCBuildConfiguration section */

/* Begin XCConfigurationList section */
		E94F9E602125DC20005191EB /* Build configuration list for PBXProject "Algorithms" */ = {
			isa = XCConfigurationList;
			buildConfigurations = (
				E94F9E6A2125DC20005191EB /* Debug */,
				E94F9E6B2125DC20005191EB /* Release */,
			);
			defaultConfigurationIsVisible = 0;
			defaultConfigurationName = Release;
		};
		E94F9E6C2125DC20005191EB /* Build configuration list for PBXNativeTarget "Algorithms" */ = {
			isa = XCConfigurationList;
			buildConfigurations = (
				E94F9E6D2125DC20005191EB /* Debug */,
				E94F9E6E2125DC20005191EB /* Release */,
			);
			defaultConfigurationIsVisible = 0;
			defaultConfigurationName = Release;
		};
/* End XCConfigurationList section */
	};
	rootObject = E94F9E5D2125DC20005191EB /* Project object */;
}
